
Microsoft Visual Studio Solution File, Format Version 12.00
# Visual Studio Version 17
VisualStudioVersion = 17.0.31903.59
MinimumVisualStudioVersion = 10.0.40219.1
Project("{FAE04EC0-301F-11D3-BF4B-00C04F79EFBC}") = "systemd-service-monitor", "systemd-service-monitor.csproj", "{3A7F1C82-5D94-4E6B-9A3F-2B8D6E0C1F47}"
EndProject
Global
	GlobalSection(SolutionConfigurationPlatforms) = preSolution
		Debug|Any CPU = Debug|Any CPU
		Release|Any CPU = Release|Any CPU
	EndGlobalSection
	GlobalSection(ProjectConfigurationPlatforms) = postSolution
		{3A7F1C82-5D94-4E6B-9A3F-2B8D6E0C1F47}.Debug|Any CPU.ActiveCfg = Debug|Any CPU
		{3A7F1C82-5D94-4E6B-9A3F-2B8D6E0C1F47}.Debug|Any CPU.Build.0 = Debug|Any CPU
		{3A7F1C82-5D94-4E6B-9A3F-2B8D6E0C1F47}.Release|Any CPU.ActiveCfg = Release|Any CPU
		{3A7F1C82-5D94-4E6B-9A3F-2B8D6E0C1F47}.Release|Any CPU.Build.0 = Release|Any CPU
	EndGlobalSection
	GlobalSection(SolutionProperties) = preSolution
		HideSolutionNode = FALSE
	EndGlobalSection
	GlobalSection(ExtensibilityGlobals) = postSolution
		SolutionGuid = {8C2E4D91-6B73-4F5A-8C2E-4D916B734F5A}
	EndGlobalSection
EndGlobal
